
Microsoft Visual Studio Solution File, Format Version 12.00
# Visual Studio 2013
VisualStudioVersion = 12.0.31101.0
MinimumVisualStudioVersion = 10.0.40219.1
Project("{FAE04EC0-301F-11D3-BF4B-00C04F79EFBC}") = "Custom.ClaimsAuthorization", "Custom.ClaimsAuthorization\Custom.ClaimsAuthorization.csproj", "{EC8617C3-A330-4147-936D-DB681989A8C8}"
EndProject
Project("{FAE04EC0-301F-11D3-BF4B-00C04F79EFBC}") = "Custom.ClaimsAuthorization.Security", "Custom.ClaimsAuthorization.Security\Custom.ClaimsAuthorization.Security.csproj", "{90332765-EE2E-4AA3-861C-E9E4AAABFB57}"
EndProject
Global
	GlobalSection(SolutionConfigurationPlatforms) = preSolution
		Debug|Any CPU = Debug|Any CPU
		Release|Any CPU = Release|Any CPU
	EndGlobalSection
	GlobalSection(ProjectConfigurationPlatforms) = postSolution
		{EC8617C3-A330-4147-936D-DB681989A8C8}.Debug|Any CPU.ActiveCfg = Debug|Any CPU
		{EC8617C3-A330-4147-936D-DB681989A8C8}.Debug|Any CPU.Build.0 = Debug|Any CPU
		{EC8617C3-A330-4147-936D-DB681989A8C8}.Release|Any CPU.ActiveCfg = Release|Any CPU
		{EC8617C3-A330-4147-936D-DB681989A8C8}.Release|Any CPU.Build.0 = Release|Any CPU
		{90332765-EE2E-4AA3-861C-E9E4AAABFB57}.Debug|Any CPU.ActiveCfg = Debug|Any CPU
		{90332765-EE2E-4AA3-861C-E9E4AAABFB57}.Debug|Any CPU.Build.0 = Debug|Any CPU
		{90332765-EE2E-4AA3-861C-E9E4AAABFB57}.Release|Any CPU.ActiveCfg = Release|Any CPU
		{90332765-EE2E-4AA3-861C-E9E4AAABFB57}.Release|Any CPU.Build.0 = Release|Any CPU
	EndGlobalSection
	GlobalSection(SolutionProperties) = preSolution
		HideSolutionNode = FALSE
	EndGlobalSection
EndGlobal
